# This file is automatically @generated by Cargo.
# It is not intended for manual editing.
version = 4

[[package]]
name = "kage-acp"
version = "0.1.0"

[[package]]
name = "kage-cli"
version = "0.1.0"

[[package]]
name = "kage-core"
version = "0.1.0"

[[package]]
name = "kage-loop"
version = "0.1.0"

[[package]]
name = "kage-mcp"
version = "0.1.0"

[[package]]
name = "kage-plugin"
version = "0.1.0"

[[package]]
name = "kage-provider"
version = "0.1.0"

[[package]]
name = "kage-sandbox"
version = "0.1.0"

[[package]]
name = "kage-session"
version = "0.1.0"

[[package]]
name = "kage-tools"
version = "0.1.0"

[[package]]
name = "kage-tui"
version = "0.1.0"
